
Microsoft Visual Studio Solution File, Format Version 12.00
# Visual Studio Version 17
VisualStudioVersion = 17.9.34728.123
MinimumVisualStudioVersion = 10.0.40219.1
Project("{FAE04EC0-301F-11D3-BF4B-00C04F79EFBC}") = "sPlotter", "sPlotter.csproj", "{71651FB1-7706-4EFC-A818-F18CCE4CCE92}"
EndProject
Global
	GlobalSection(SolutionConfigurationPlatforms) = preSolution
		Debug|Any CPU = Debug|Any CPU
		Release|Any CPU = Release|Any CPU
	EndGlobalSection
	GlobalSection(ProjectConfigurationPlatforms) = postSolution
		{71651FB1-7706-4EFC-A818-F18CCE4CCE92}.Debug|Any CPU.ActiveCfg = Debug|Any CPU
		{71651FB1-7706-4EFC-A818-F18CCE4CCE92}.Debug|Any CPU.Build.0 = Debug|Any CPU
		{71651FB1-7706-4EFC-A818-F18CCE4CCE92}.Release|Any CPU.ActiveCfg = Release|Any CPU
		{71651FB1-7706-4EFC-A818-F18CCE4CCE92}.Release|Any CPU.Build.0 = Release|Any CPU
	EndGlobalSection
	GlobalSection(SolutionProperties) = preSolution
		HideSolutionNode = FALSE
	EndGlobalSection
	GlobalSection(ExtensibilityGlobals) = postSolution
		SolutionGuid = {640B69C0-32E4-4B2B-9FBF-EECC0A22DA51}
	EndGlobalSection
EndGlobal
